
Microsoft Visual Studio Solution File, Format Version 12.00
# Visual Studio 14
VisualStudioVersion = 14.0.25420.1
MinimumVisualStudioVersion = 10.0.40219.1
Project("{8BC9CEB8-8B4A-11D0-8D11-00A0C91BC942}") = "08장-VectorBasic", "08장-VectorBasic\08장-VectorBasic.vcxproj", "{D4876F94-B836-4F4A-BEF2-DF521A3886E7}"
EndProject
Project("{8BC9CEB8-8B4A-11D0-8D11-00A0C91BC942}") = "08장-VectorBasicErr1", "08장-VectorBasicErr1\08장-VectorBasicErr1.vcxproj", "{757CCB58-5557-4539-BD39-44F3BD8918CC}"
EndProject
Project("{8BC9CEB8-8B4A-11D0-8D11-00A0C91BC942}") = "08장-VectorBasicErr2", "08장-VectorBasicErr2\08장-VectorBasicErr2.vcxproj", "{177B7342-1AE3-4EC3-A184-A1A8FC599F91}"
EndProject
Project("{8BC9CEB8-8B4A-11D0-8D11-00A0C91BC942}") = "08장-VectorBasicErr2OK", "08장-VectorBasicErr2OK\08장-VectorBasicErr2OK.vcxproj", "{ECCB9C44-CC31-4AE7-B84C-E292B13448F7}"
EndProject
Project("{8BC9CEB8-8B4A-11D0-8D11-00A0C91BC942}") = "08장-VectorBasicErr1OK", "08장-VectorBasicErr1OK\08장-VectorBasicErr1OK.vcxproj", "{90700EE4-E2E1-4199-A28F-76D18E41D532}"
EndProject
Project("{8BC9CEB8-8B4A-11D0-8D11-00A0C91BC942}") = "08장-VectorBasicPerfect", "08장-VectorBasicPerfect\08장-VectorBasicPerfect.vcxproj", "{53F5B459-AF5C-44D5-A1F4-A842820CAE7F}"
EndProject
Project("{8BC9CEB8-8B4A-11D0-8D11-00A0C91BC942}") = "08장-thisPointer", "08장-thisPointer\08장-thisPointer.vcxproj", "{9E704935-F43A-47B0-A5BF-C83B22A95526}"
EndProject
Project("{8BC9CEB8-8B4A-11D0-8D11-00A0C91BC942}") = "08장-staticMember", "08장-staticMember\08장-staticMember.vcxproj", "{1DDEB91C-4AC2-491E-AEA7-A91DCA7BEFD0}"
EndProject
Project("{8BC9CEB8-8B4A-11D0-8D11-00A0C91BC942}") = "08장-MatrixTest", "08장-MatrixTest\08장-MatrixTest.vcxproj", "{D3F27C87-68AA-4034-B135-AC5F0798E3DA}"
EndProject
Project("{8BC9CEB8-8B4A-11D0-8D11-00A0C91BC942}") = "08장-MonsterWorldV2", "08장-MonsterWorldV2\08장-MonsterWorldV2.vcxproj", "{A51A9624-3A8A-4C44-8EEC-DCC30913EE22}"
EndProject
Global
	GlobalSection(SolutionConfigurationPlatforms) = preSolution
		Debug|x86 = Debug|x86
		Release|x86 = Release|x86
	EndGlobalSection
	GlobalSection(ProjectConfigurationPlatforms) = postSolution
		{D4876F94-B836-4F4A-BEF2-DF521A3886E7}.Debug|x86.ActiveCfg = Debug|Win32
		{D4876F94-B836-4F4A-BEF2-DF521A3886E7}.Debug|x86.Build.0 = Debug|Win32
		{D4876F94-B836-4F4A-BEF2-DF521A3886E7}.Release|x86.ActiveCfg = Release|Win32
		{D4876F94-B836-4F4A-BEF2-DF521A3886E7}.Release|x86.Build.0 = Release|Win32
		{757CCB58-5557-4539-BD39-44F3BD8918CC}.Debug|x86.ActiveCfg = Debug|Win32
		{757CCB58-5557-4539-BD39-44F3BD8918CC}.Debug|x86.Build.0 = Debug|Win32
		{757CCB58-5557-4539-BD39-44F3BD8918CC}.Release|x86.ActiveCfg = Release|Win32
		{757CCB58-5557-4539-BD39-44F3BD8918CC}.Release|x86.Build.0 = Release|Win32
		{177B7342-1AE3-4EC3-A184-A1A8FC599F91}.Debug|x86.ActiveCfg = Debug|Win32
		{177B7342-1AE3-4EC3-A184-A1A8FC599F91}.Debug|x86.Build.0 = Debug|Win32
		{177B7342-1AE3-4EC3-A184-A1A8FC599F91}.Release|x86.ActiveCfg = Release|Win32
		{177B7342-1AE3-4EC3-A184-A1A8FC599F91}.Release|x86.Build.0 = Release|Win32
		{ECCB9C44-CC31-4AE7-B84C-E292B13448F7}.Debug|x86.ActiveCfg = Debug|Win32
		{ECCB9C44-CC31-4AE7-B84C-E292B13448F7}.Debug|x86.Build.0 = Debug|Win32
		{ECCB9C44-CC31-4AE7-B84C-E292B13448F7}.Release|x86.ActiveCfg = Release|Win32
		{ECCB9C44-CC31-4AE7-B84C-E292B13448F7}.Release|x86.Build.0 = Release|Win32
		{90700EE4-E2E1-4199-A28F-76D18E41D532}.Debug|x86.ActiveCfg = Debug|Win32
		{90700EE4-E2E1-4199-A28F-76D18E41D532}.Debug|x86.Build.0 = Debug|Win32
		{90700EE4-E2E1-4199-A28F-76D18E41D532}.Release|x86.ActiveCfg = Release|Win32
		{90700EE4-E2E1-4199-A28F-76D18E41D532}.Release|x86.Build.0 = Release|Win32
		{53F5B459-AF5C-44D5-A1F4-A842820CAE7F}.Debug|x86.ActiveCfg = Debug|Win32
		{53F5B459-AF5C-44D5-A1F4-A842820CAE7F}.Debug|x86.Build.0 = Debug|Win32
		{53F5B459-AF5C-44D5-A1F4-A842820CAE7F}.Release|x86.ActiveCfg = Release|Win32
		{53F5B459-AF5C-44D5-A1F4-A842820CAE7F}.Release|x86.Build.0 = Release|Win32
		{9E704935-F43A-47B0-A5BF-C83B22A95526}.Debug|x86.ActiveCfg = Debug|Win32
		{9E704935-F43A-47B0-A5BF-C83B22A95526}.Debug|x86.Build.0 = Debug|Win32
		{9E704935-F43A-47B0-A5BF-C83B22A95526}.Release|x86.ActiveCfg = Release|Win32
		{9E704935-F43A-47B0-A5BF-C83B22A95526}.Release|x86.Build.0 = Release|Win32
		{1DDEB91C-4AC2-491E-AEA7-A91DCA7BEFD0}.Debug|x86.ActiveCfg = Debug|Win32
		{1DDEB91C-4AC2-491E-AEA7-A91DCA7BEFD0}.Debug|x86.Build.0 = Debug|Win32
		{1DDEB91C-4AC2-491E-AEA7-A91DCA7BEFD0}.Release|x86.ActiveCfg = Release|Win32
		{1DDEB91C-4AC2-491E-AEA7-A91DCA7BEFD0}.Release|x86.Build.0 = Release|Win32
		{D3F27C87-68AA-4034-B135-AC5F0798E3DA}.Debug|x86.ActiveCfg = Debug|Win32
		{D3F27C87-68AA-4034-B135-AC5F0798E3DA}.Debug|x86.Build.0 = Debug|Win32
		{D3F27C87-68AA-4034-B135-AC5F0798E3DA}.Release|x86.ActiveCfg = Release|Win32
		{D3F27C87-68AA-4034-B135-AC5F0798E3DA}.Release|x86.Build.0 = Release|Win32
		{A51A9624-3A8A-4C44-8EEC-DCC30913EE22}.Debug|x86.ActiveCfg = Debug|Win32
		{A51A9624-3A8A-4C44-8EEC-DCC30913EE22}.Debug|x86.Build.0 = Debug|Win32
		{A51A9624-3A8A-4C44-8EEC-DCC30913EE22}.Release|x86.ActiveCfg = Release|Win32
		{A51A9624-3A8A-4C44-8EEC-DCC30913EE22}.Release|x86.Build.0 = Release|Win32
	EndGlobalSection
	GlobalSection(SolutionProperties) = preSolution
		HideSolutionNode = FALSE
	EndGlobalSection
EndGlobal
